
Microsoft Visual Studio Solution File, Format Version 12.00
# Visual Studio Version 17
VisualStudioVersion = 17.14.36109.1 d17.14
MinimumVisualStudioVersion = 10.0.40219.1
Project("{D2ABAB84-BF74-430A-B69E-9DC6D40DDA17}") = "Final_SSAS", "Final_SSAS.dwproj", "{4BEE3EF4-883F-F0FE-23EA-223DC046ADC0}"
EndProject
Global
	GlobalSection(SolutionConfigurationPlatforms) = preSolution
		Development|Default = Development|Default
	EndGlobalSection
	GlobalSection(ProjectConfigurationPlatforms) = postSolution
		{4BEE3EF4-883F-F0FE-23EA-223DC046ADC0}.Development|Default.ActiveCfg = Development
		{4BEE3EF4-883F-F0FE-23EA-223DC046ADC0}.Development|Default.Build.0 = Development
		{4BEE3EF4-883F-F0FE-23EA-223DC046ADC0}.Development|Default.Deploy.0 = Development
	EndGlobalSection
	GlobalSection(SolutionProperties) = preSolution
		HideSolutionNode = FALSE
	EndGlobalSection
	GlobalSection(ExtensibilityGlobals) = postSolution
		SolutionGuid = {4660DAAB-FC1C-4D8F-A7F3-B96334546A46}
	EndGlobalSection
EndGlobal
